// !$*UTF8*$!
{
	archiveVersion = 1;
	classes = {
	};
	objectVersion = 56;
	objects = {

/* Begin PBXBuildFile section */
		501234567890ABCDEF000001 /* ExpenseManagerApp.swift in Sources */ = {isa = PBXBuildFile; fileRef = 501234567890ABCDEF000002 /* ExpenseManagerApp.swift */; };
		501234567890ABCDEF000003 /* ContentView.swift in Sources */ = {isa = PBXBuildFile; fileRef = 501234567890ABCDEF000004 /* ContentView.swift */; };
		501234567890ABCDEF000005 /* Assets.xcassets in Resources */ = {isa = PBXBuildFile; fileRef = 501234567890ABCDEF000006 /* Assets.xcassets */; };
		501234567890ABCDEF000007 /* Preview Assets.xcassets in Resources */ = {isa = PBXBuildFile; fileRef = 501234567890ABCDEF000008 /* Preview Assets.xcassets */; };
		501234567890ABCDEF000009 /* ExpenseManagerComplete.swift in Sources */ = {isa = PBXBuildFile; fileRef = 501234567890ABCDEF000010 /* ExpenseManagerComplete.swift */; };
		501234567890ABCDEF000011 /* ConfigurationView.swift in Sources */ = {isa = PBXBuildFile; fileRef = 501234567890ABCDEF000012 /* ConfigurationView.swift */; };
		501234567890ABCDEF000013 /* OverviewView.swift in Sources */ = {isa = PBXBuildFile; fileRef = 501234567890ABCDEF000014 /* OverviewView.swift */; };
		501234567890ABCDEF000015 /* SettingsView.swift in Sources */ = {isa = PBXBuildFile; fileRef = 501234567890ABCDEF000016 /* SettingsView.swift */; };
		FD3A85EFC1734AC8B823BB8E /* BackgroundAnalysisManager.swift in Sources */ = {isa = PBXBuildFile; fileRef = 5D9A0D3B015A42BD8EF3F247 /* BackgroundAnalysisManager.swift */; };
		A11471519FFE42BCA33D3D6D /* ConfigurationManager.swift in Sources */ = {isa = PBXBuildFile; fileRef = 7ADFC71D3C0B4004A307802A /* ConfigurationManager.swift */; };
		71543996B80D4BD7B1B71318 /* CoreDataExpenseService.swift in Sources */ = {isa = PBXBuildFile; fileRef = 4CF5897AF8EA46EB8CF88424 /* CoreDataExpenseService.swift */; };
		AD7FF4FB70184A30B2692D1D /* CoreDataManager.swift in Sources */ = {isa = PBXBuildFile; fileRef = CA077E91257148E1BF16173A /* CoreDataManager.swift */; };
		8097D4C10A134ED6B79C34A6 /* DataExporter.swift in Sources */ = {isa = PBXBuildFile; fileRef = 1355EE3A527146869BB1DF2B /* DataExporter.swift */; };
		2D1F7FC5EB0440C6AD615DDA /* DataResetManager.swift in Sources */ = {isa = PBXBuildFile; fileRef = 3D04176D720D41B8A90331A7 /* DataResetManager.swift */; };
		66A4458E2C3C4825BD331EB2 /* ErrorTrackingService.swift in Sources */ = {isa = PBXBuildFile; fileRef = F4FDB31908BE498083EC0CB9 /* ErrorTrackingService.swift */; };
		6BC1C0F639EE4079A72FAB16 /* ExpenseService.swift in Sources */ = {isa = PBXBuildFile; fileRef = 2DB0FCCD89E2445D98A845DF /* ExpenseService.swift */; };
		C99FE7F7F1984443BB0277D5 /* InputValidator.swift in Sources */ = {isa = PBXBuildFile; fileRef = CC97F4F93B1B4A109EC2CC14 /* InputValidator.swift */; };
		F4413D8E72FB43428CF8C789 /* KeychainService.swift in Sources */ = {isa = PBXBuildFile; fileRef = 13E30174EF8044849D5E0E5C /* KeychainService.swift */; };
		6E90D212C7704E4AA07B3AC2 /* LoggingService.swift in Sources */ = {isa = PBXBuildFile; fileRef = 870F3E9968CA44BAAEAC6FFC /* LoggingService.swift */; };
		D12248FD72BA4E04BB90E29C /* OpenAIService.swift in Sources */ = {isa = PBXBuildFile; fileRef = 466E37B126A245F09AFF60E9 /* OpenAIService.swift */; };
		F44C56AC18104103ABCB259B /* SpendingInsightsService.swift in Sources */ = {isa = PBXBuildFile; fileRef = 434F4CFBB76E49CC8AB4237B /* SpendingInsightsService.swift */; };
		A1B2C3D4E5F6789012345678 /* CurrencyIntelligenceService.swift in Sources */ = {isa = PBXBuildFile; fileRef = B2C3D4E5F6789012345678AB /* CurrencyIntelligenceService.swift */; };
		3797EFB3BB6B47BFA98D4044 /* CoreDataModels.swift in Sources */ = {isa = PBXBuildFile; fileRef = AB943343410C438788B876CC /* CoreDataModels.swift */; };
		C1DFB9B278924F0D97AAEE65 /* ExpenseModels.swift in Sources */ = {isa = PBXBuildFile; fileRef = 90A062F18ABD4326BBAC589F /* ExpenseModels.swift */; };
		8B4AFA2703F94B18AF88F1EF /* DataResetView.swift in Sources */ = {isa = PBXBuildFile; fileRef = 6CA8277E00F14F20AA08AA36 /* DataResetView.swift */; };
		7FA953CCF7EE43C4AE6FA660 /* DebugView.swift in Sources */ = {isa = PBXBuildFile; fileRef = DBA0AB116D884896BCF860DA /* DebugView.swift */; };
		BEA3AB6CBAA042EF83D5EBBB /* PricingView.swift in Sources */ = {isa = PBXBuildFile; fileRef = DBBDF1B058F647F2945EE95B /* PricingView.swift */; };
		F5CDBEAF8AB84F29971F696A /* SpendingInsightsViews.swift in Sources */ = {isa = PBXBuildFile; fileRef = 53017891FB7E479DAC9DDFFB /* SpendingInsightsViews.swift */; };
		22BAA7E70BFC492EB4491626 /* UpgradePromptView.swift in Sources */ = {isa = PBXBuildFile; fileRef = 7095051743C444B08A1AB0EE /* UpgradePromptView.swift */; };
		AA80F5E6B25C41B2932B6825 /* UsageWidget.swift in Sources */ = {isa = PBXBuildFile; fileRef = A287DD97186D457F9E2A2BBD /* UsageWidget.swift */; };
		2F0A48E891C54EF78079807A /* ExpenseManagerMain.swift in Sources */ = {isa = PBXBuildFile; fileRef = 203D4E88DFCE4206A30B902E /* ExpenseManagerMain.swift */; };
/* End PBXBuildFile section */

/* Begin PBXFileReference section */
		501234567890ABCDEF000002 /* ExpenseManagerApp.swift */ = {isa = PBXFileReference; lastKnownFileType = sourcecode.swift; path = ExpenseManagerApp.swift; sourceTree = "<group>"; };
		501234567890ABCDEF000004 /* ContentView.swift */ = {isa = PBXFileReference; lastKnownFileType = sourcecode.swift; path = ContentView.swift; sourceTree = "<group>"; };
		501234567890ABCDEF000006 /* Assets.xcassets */ = {isa = PBXFileReference; lastKnownFileType = folder.assetcatalog; path = Assets.xcassets; sourceTree = "<group>"; };
		501234567890ABCDEF000008 /* Preview Assets.xcassets */ = {isa = PBXFileReference; lastKnownFileType = folder.assetcatalog; path = "Preview Assets.xcassets"; sourceTree = "<group>"; };
		501234567890ABCDEF000010 /* ExpenseManagerComplete.swift */ = {isa = PBXFileReference; lastKnownFileType = sourcecode.swift; path = ExpenseManagerComplete.swift; sourceTree = "<group>"; };
		501234567890ABCDEF000012 /* ConfigurationView.swift */ = {isa = PBXFileReference; lastKnownFileType = sourcecode.swift; path = ConfigurationView.swift; sourceTree = "<group>"; };
		501234567890ABCDEF000014 /* OverviewView.swift */ = {isa = PBXFileReference; lastKnownFileType = sourcecode.swift; path = OverviewView.swift; sourceTree = "<group>"; };
		501234567890ABCDEF000016 /* SettingsView.swift */ = {isa = PBXFileReference; lastKnownFileType = sourcecode.swift; path = SettingsView.swift; sourceTree = "<group>"; };
		501234567890ABCDEF000017 /* ExpenseManager.app */ = {isa = PBXFileReference; explicitFileType = wrapper.application; includeInIndex = 0; path = ExpenseManager.app; sourceTree = BUILT_PRODUCTS_DIR; };
		60585E482E33FBA400DE53A9 /* Info.plist */ = {isa = PBXFileReference; lastKnownFileType = text.plist.xml; path = Info.plist; sourceTree = "<group>"; };
		5D9A0D3B015A42BD8EF3F247 /* BackgroundAnalysisManager.swift */ = {isa = PBXFileReference; lastKnownFileType = sourcecode.swift; path = BackgroundAnalysisManager.swift; sourceTree = "<group>"; };
		7ADFC71D3C0B4004A307802A /* ConfigurationManager.swift */ = {isa = PBXFileReference; lastKnownFileType = sourcecode.swift; path = ConfigurationManager.swift; sourceTree = "<group>"; };
		4CF5897AF8EA46EB8CF88424 /* CoreDataExpenseService.swift */ = {isa = PBXFileReference; lastKnownFileType = sourcecode.swift; path = CoreDataExpenseService.swift; sourceTree = "<group>"; };
		CA077E91257148E1BF16173A /* CoreDataManager.swift */ = {isa = PBXFileReference; lastKnownFileType = sourcecode.swift; path = CoreDataManager.swift; sourceTree = "<group>"; };
		1355EE3A527146869BB1DF2B /* DataExporter.swift */ = {isa = PBXFileReference; lastKnownFileType = sourcecode.swift; path = DataExporter.swift; sourceTree = "<group>"; };
		3D04176D720D41B8A90331A7 /* DataResetManager.swift */ = {isa = PBXFileReference; lastKnownFileType = sourcecode.swift; path = DataResetManager.swift; sourceTree = "<group>"; };
		F4FDB31908BE498083EC0CB9 /* ErrorTrackingService.swift */ = {isa = PBXFileReference; lastKnownFileType = sourcecode.swift; path = ErrorTrackingService.swift; sourceTree = "<group>"; };
		2DB0FCCD89E2445D98A845DF /* ExpenseService.swift */ = {isa = PBXFileReference; lastKnownFileType = sourcecode.swift; path = ExpenseService.swift; sourceTree = "<group>"; };
		CC97F4F93B1B4A109EC2CC14 /* InputValidator.swift */ = {isa = PBXFileReference; lastKnownFileType = sourcecode.swift; path = InputValidator.swift; sourceTree = "<group>"; };
		13E30174EF8044849D5E0E5C /* KeychainService.swift */ = {isa = PBXFileReference; lastKnownFileType = sourcecode.swift; path = KeychainService.swift; sourceTree = "<group>"; };
		870F3E9968CA44BAAEAC6FFC /* LoggingService.swift */ = {isa = PBXFileReference; lastKnownFileType = sourcecode.swift; path = LoggingService.swift; sourceTree = "<group>"; };
		466E37B126A245F09AFF60E9 /* OpenAIService.swift */ = {isa = PBXFileReference; lastKnownFileType = sourcecode.swift; path = OpenAIService.swift; sourceTree = "<group>"; };
		434F4CFBB76E49CC8AB4237B /* SpendingInsightsService.swift */ = {isa = PBXFileReference; lastKnownFileType = sourcecode.swift; path = SpendingInsightsService.swift; sourceTree = "<group>"; };
		B2C3D4E5F6789012345678AB /* CurrencyIntelligenceService.swift */ = {isa = PBXFileReference; lastKnownFileType = sourcecode.swift; path = CurrencyIntelligenceService.swift; sourceTree = "<group>"; };
		AB943343410C438788B876CC /* CoreDataModels.swift */ = {isa = PBXFileReference; lastKnownFileType = sourcecode.swift; path = CoreDataModels.swift; sourceTree = "<group>"; };
		90A062F18ABD4326BBAC589F /* ExpenseModels.swift */ = {isa = PBXFileReference; lastKnownFileType = sourcecode.swift; path = ExpenseModels.swift; sourceTree = "<group>"; };
		6CA8277E00F14F20AA08AA36 /* DataResetView.swift */ = {isa = PBXFileReference; lastKnownFileType = sourcecode.swift; path = DataResetView.swift; sourceTree = "<group>"; };
		DBA0AB116D884896BCF860DA /* DebugView.swift */ = {isa = PBXFileReference; lastKnownFileType = sourcecode.swift; path = DebugView.swift; sourceTree = "<group>"; };
		DBBDF1B058F647F2945EE95B /* PricingView.swift */ = {isa = PBXFileReference; lastKnownFileType = sourcecode.swift; path = PricingView.swift; sourceTree = "<group>"; };
		53017891FB7E479DAC9DDFFB /* SpendingInsightsViews.swift */ = {isa = PBXFileReference; lastKnownFileType = sourcecode.swift; path = SpendingInsightsViews.swift; sourceTree = "<group>"; };
		7095051743C444B08A1AB0EE /* UpgradePromptView.swift */ = {isa = PBXFileReference; lastKnownFileType = sourcecode.swift; path = UpgradePromptView.swift; sourceTree = "<group>"; };
		A287DD97186D457F9E2A2BBD /* UsageWidget.swift */ = {isa = PBXFileReference; lastKnownFileType = sourcecode.swift; path = UsageWidget.swift; sourceTree = "<group>"; };
		203D4E88DFCE4206A30B902E /* ExpenseManagerMain.swift */ = {isa = PBXFileReference; lastKnownFileType = sourcecode.swift; path = ExpenseManagerMain.swift; sourceTree = "<group>"; };
/* End PBXFileReference section */

/* Begin PBXFrameworksBuildPhase section */
		501234567890ABCDEF000018 /* Frameworks */ = {
			isa = PBXFrameworksBuildPhase;
			buildActionMask = 2147483647;
			files = (
			);
			runOnlyForDeploymentPostprocessing = 0;
		};
/* End PBXFrameworksBuildPhase section */

/* Begin PBXGroup section */
		501234567890ABCDEF000019 /* ExpenseManager */ = {
			isa = PBXGroup;
			children = (
				60585E482E33FBA400DE53A9 /* Info.plist */,
				501234567890ABCDEF000010 /* ExpenseManagerComplete.swift */,
				501234567890ABCDEF000002 /* ExpenseManagerApp.swift */,
				501234567890ABCDEF000004 /* ContentView.swift */,
				501234567890ABCDEF000020 /* Views */,
				501234567890ABCDEF000006 /* Assets.xcassets */,
				501234567890ABCDEF000021 /* Preview Content */,
				203D4E88DFCE4206A30B902E /* ExpenseManagerMain.swift */,
				43FE58F28B9E4FCEBEFBBB15 /* Services */,
				7AB140704DB14AF8B8F1C563 /* Models */,

			);
			path = ExpenseManager;
			sourceTree = "<group>";
		};
		501234567890ABCDEF000020 /* Views */ = {
			isa = PBXGroup;
			children = (
				501234567890ABCDEF000012 /* ConfigurationView.swift */,
				501234567890ABCDEF000014 /* OverviewView.swift */,
				501234567890ABCDEF000016 /* SettingsView.swift */,
				6CA8277E00F14F20AA08AA36 /* DataResetView.swift */,
				DBA0AB116D884896BCF860DA /* DebugView.swift */,
				DBBDF1B058F647F2945EE95B /* PricingView.swift */,
				53017891FB7E479DAC9DDFFB /* SpendingInsightsViews.swift */,
				7095051743C444B08A1AB0EE /* UpgradePromptView.swift */,
				A287DD97186D457F9E2A2BBD /* UsageWidget.swift */,

			);
			path = Views;
			sourceTree = "<group>";
		};
		501234567890ABCDEF000021 /* Preview Content */ = {
			isa = PBXGroup;
			children = (
				501234567890ABCDEF000008 /* Preview Assets.xcassets */,
			);
			path = "Preview Content";
			sourceTree = "<group>";
		};
		501234567890ABCDEF000022 /* Products */ = {
			isa = PBXGroup;
			children = (
				501234567890ABCDEF000017 /* ExpenseManager.app */,
			);
			name = Products;
			sourceTree = "<group>";
		};
		501234567890ABCDEF000023 = {
			isa = PBXGroup;
			children = (
				501234567890ABCDEF000019 /* ExpenseManager */,
				501234567890ABCDEF000022 /* Products */,
			);
			sourceTree = "<group>";
		};
		43FE58F28B9E4FCEBEFBBB15 /* Services */ = {
			isa = PBXGroup;
			children = (
				5D9A0D3B015A42BD8EF3F247 /* BackgroundAnalysisManager.swift */,
				7ADFC71D3C0B4004A307802A /* ConfigurationManager.swift */,
				4CF5897AF8EA46EB8CF88424 /* CoreDataExpenseService.swift */,
				CA077E91257148E1BF16173A /* CoreDataManager.swift */,
				1355EE3A527146869BB1DF2B /* DataExporter.swift */,
				3D04176D720D41B8A90331A7 /* DataResetManager.swift */,
				F4FDB31908BE498083EC0CB9 /* ErrorTrackingService.swift */,
				2DB0FCCD89E2445D98A845DF /* ExpenseService.swift */,
				CC97F4F93B1B4A109EC2CC14 /* InputValidator.swift */,
				13E30174EF8044849D5E0E5C /* KeychainService.swift */,
				870F3E9968CA44BAAEAC6FFC /* LoggingService.swift */,
				466E37B126A245F09AFF60E9 /* OpenAIService.swift */,
				434F4CFBB76E49CC8AB4237B /* SpendingInsightsService.swift */,
				B2C3D4E5F6789012345678AB /* CurrencyIntelligenceService.swift */,
			);
			path = Services;
			sourceTree = "<group>";
		};
		7AB140704DB14AF8B8F1C563 /* Models */ = {
			isa = PBXGroup;
			children = (
				AB943343410C438788B876CC /* CoreDataModels.swift */,
				90A062F18ABD4326BBAC589F /* ExpenseModels.swift */,
			);
			path = Models;
			sourceTree = "<group>";
		};
/* End PBXGroup section */

/* Begin PBXNativeTarget section */
		501234567890ABCDEF000024 /* ExpenseManager */ = {
			isa = PBXNativeTarget;
			buildConfigurationList = 501234567890ABCDEF000025 /* Build configuration list for PBXNativeTarget "ExpenseManager" */;
			buildPhases = (
				501234567890ABCDEF000026 /* Sources */,
				501234567890ABCDEF000018 /* Frameworks */,
				501234567890ABCDEF000027 /* Resources */,
			);
			buildRules = (
			);
			dependencies = (
			);
			name = ExpenseManager;
			productName = ExpenseManager;
			productReference = 501234567890ABCDEF000017 /* ExpenseManager.app */;
			productType = "com.apple.product-type.application";
		};
/* End PBXNativeTarget section */

/* Begin PBXProject section */
		501234567890ABCDEF000028 /* Project object */ = {
			isa = PBXProject;
			attributes = {
				BuildIndependentTargetsInParallel = 1;
				LastSwiftUpdateCheck = 1500;
				LastUpgradeCheck = 1640;
				TargetAttributes = {
					501234567890ABCDEF000024 = {
						CreatedOnToolsVersion = 15.0;
					};
				};
			};
			buildConfigurationList = 501234567890ABCDEF000029 /* Build configuration list for PBXProject "ExpenseManager" */;
			compatibilityVersion = "Xcode 14.0";
			developmentRegion = en;
			hasScannedForEncodings = 0;
			knownRegions = (
				en,
				Base,
			);
			mainGroup = 501234567890ABCDEF000023;
			productRefGroup = 501234567890ABCDEF000022 /* Products */;
			projectDirPath = "";
			projectRoot = "";
			targets = (
				501234567890ABCDEF000024 /* ExpenseManager */,
			);
		};
/* End PBXProject section */

/* Begin PBXResourcesBuildPhase section */
		501234567890ABCDEF000027 /* Resources */ = {
			isa = PBXResourcesBuildPhase;
			buildActionMask = 2147483647;
			files = (
				501234567890ABCDEF000007 /* Preview Assets.xcassets in Resources */,
				501234567890ABCDEF000005 /* Assets.xcassets in Resources */,
			);
			runOnlyForDeploymentPostprocessing = 0;
		};
/* End PBXResourcesBuildPhase section */

/* Begin PBXSourcesBuildPhase section */
		501234567890ABCDEF000026 /* Sources */ = {
			isa = PBXSourcesBuildPhase;
			buildActionMask = 2147483647;
			files = (
				501234567890ABCDEF000011 /* ConfigurationView.swift in Sources */,
				501234567890ABCDEF000013 /* OverviewView.swift in Sources */,
				501234567890ABCDEF000015 /* SettingsView.swift in Sources */,
				501234567890ABCDEF000003 /* ContentView.swift in Sources */,
				501234567890ABCDEF000001 /* ExpenseManagerApp.swift in Sources */,
				FD3A85EFC1734AC8B823BB8E /* BackgroundAnalysisManager.swift in Sources */,
				A11471519FFE42BCA33D3D6D /* ConfigurationManager.swift in Sources */,
				71543996B80D4BD7B1B71318 /* CoreDataExpenseService.swift in Sources */,
				AD7FF4FB70184A30B2692D1D /* CoreDataManager.swift in Sources */,
				8097D4C10A134ED6B79C34A6 /* DataExporter.swift in Sources */,
				2D1F7FC5EB0440C6AD615DDA /* DataResetManager.swift in Sources */,
				66A4458E2C3C4825BD331EB2 /* ErrorTrackingService.swift in Sources */,
				6BC1C0F639EE4079A72FAB16 /* ExpenseService.swift in Sources */,
				C99FE7F7F1984443BB0277D5 /* InputValidator.swift in Sources */,
				F4413D8E72FB43428CF8C789 /* KeychainService.swift in Sources */,
				6E90D212C7704E4AA07B3AC2 /* LoggingService.swift in Sources */,
				D12248FD72BA4E04BB90E29C /* OpenAIService.swift in Sources */,
				F44C56AC18104103ABCB259B /* SpendingInsightsService.swift in Sources */,
				A1B2C3D4E5F6789012345678 /* CurrencyIntelligenceService.swift in Sources */,
				3797EFB3BB6B47BFA98D4044 /* CoreDataModels.swift in Sources */,
				C1DFB9B278924F0D97AAEE65 /* ExpenseModels.swift in Sources */,
				8B4AFA2703F94B18AF88F1EF /* DataResetView.swift in Sources */,
				7FA953CCF7EE43C4AE6FA660 /* DebugView.swift in Sources */,
				BEA3AB6CBAA042EF83D5EBBB /* PricingView.swift in Sources */,
				F5CDBEAF8AB84F29971F696A /* SpendingInsightsViews.swift in Sources */,
				22BAA7E70BFC492EB4491626 /* UpgradePromptView.swift in Sources */,
				AA80F5E6B25C41B2932B6825 /* UsageWidget.swift in Sources */,
				2F0A48E891C54EF78079807A /* ExpenseManagerMain.swift in Sources */,
			);
			runOnlyForDeploymentPostprocessing = 0;
		};
/* End PBXSourcesBuildPhase section */

/* Begin XCBuildConfiguration section */
		501234567890ABCDEF000030 /* Debug */ = {
			isa = XCBuildConfiguration;
			buildSettings = {
				ALWAYS_SEARCH_USER_PATHS = NO;
				ASSETCATALOG_COMPILER_GENERATE_SWIFT_ASSET_SYMBOL_EXTENSIONS = YES;
				CLANG_ANALYZER_NONNULL = YES;
				CLANG_ANALYZER_NUMBER_OBJECT_CONVERSION = YES_AGGRESSIVE;
				CLANG_CXX_LANGUAGE_STANDARD = "gnu++20";
				CLANG_ENABLE_MODULES = YES;
				CLANG_ENABLE_OBJC_ARC = YES;
				CLANG_ENABLE_OBJC_WEAK = YES;
				CLANG_WARN_BLOCK_CAPTURE_AUTORELEASING = YES;
				CLANG_WARN_BOOL_CONVERSION = YES;
				CLANG_WARN_COMMA = YES;
				CLANG_WARN_CONSTANT_CONVERSION = YES;
				CLANG_WARN_DEPRECATED_OBJC_IMPLEMENTATIONS = YES;
				CLANG_WARN_DIRECT_OBJC_ISA_USAGE = YES_ERROR;
				CLANG_WARN_DOCUMENTATION_COMMENTS = YES;
				CLANG_WARN_EMPTY_BODY = YES;
				CLANG_WARN_ENUM_CONVERSION = YES;
				CLANG_WARN_INFINITE_RECURSION = YES;
				CLANG_WARN_INT_CONVERSION = YES;
				CLANG_WARN_NON_LITERAL_NULL_CONVERSION = YES;
				CLANG_WARN_OBJC_IMPLICIT_RETAIN_SELF = YES;
				CLANG_WARN_OBJC_LITERAL_CONVERSION = YES;
				CLANG_WARN_OBJC_ROOT_CLASS = YES_ERROR;
				CLANG_WARN_QUOTED_INCLUDE_IN_FRAMEWORK_HEADER = YES;
				CLANG_WARN_RANGE_LOOP_ANALYSIS = YES;
				CLANG_WARN_STRICT_PROTOTYPES = YES;
				CLANG_WARN_SUSPICIOUS_MOVE = YES;
				CLANG_WARN_UNGUARDED_AVAILABILITY = YES_AGGRESSIVE;
				CLANG_WARN_UNREACHABLE_CODE = YES;
				CLANG_WARN__DUPLICATE_METHOD_MATCH = YES;
				COPY_PHASE_STRIP = NO;
				DEBUG_INFORMATION_FORMAT = dwarf;
				DEVELOPMENT_TEAM = AJKFVG2KV2;
				ENABLE_STRICT_OBJC_MSGSEND = YES;
				ENABLE_TESTABILITY = YES;
				ENABLE_USER_SCRIPT_SANDBOXING = YES;
				GCC_C_LANGUAGE_STANDARD = gnu17;
				GCC_DYNAMIC_NO_PIC = NO;
				GCC_NO_COMMON_BLOCKS = YES;
				GCC_OPTIMIZATION_LEVEL = 0;
				GCC_PREPROCESSOR_DEFINITIONS = (
					"DEBUG=1",
					"$(inherited)",
				);
				GCC_WARN_64_TO_32_BIT_CONVERSION = YES;
				GCC_WARN_ABOUT_RETURN_TYPE = YES_ERROR;
				GCC_WARN_UNDECLARED_SELECTOR = YES;
				GCC_WARN_UNINITIALIZED_AUTOS = YES_AGGRESSIVE;
				GCC_WARN_UNUSED_FUNCTION = YES;
				GCC_WARN_UNUSED_VARIABLE = YES;
				IPHONEOS_DEPLOYMENT_TARGET = 17.0;
				LOCALIZATION_PREFERS_STRING_CATALOGS = YES;
				STRING_CATALOG_GENERATE_SYMBOLS = YES;
				MTL_ENABLE_DEBUG_INFO = INCLUDE_SOURCE;
				MTL_FAST_MATH = YES;
				ONLY_ACTIVE_ARCH = YES;
				SDKROOT = iphoneos;
				SWIFT_ACTIVE_COMPILATION_CONDITIONS = "DEBUG $(inherited)";
				SWIFT_OPTIMIZATION_LEVEL = "-Onone";
			};
			name = Debug;
		};
		501234567890ABCDEF000031 /* Release */ = {
			isa = XCBuildConfiguration;
			buildSettings = {
				ALWAYS_SEARCH_USER_PATHS = NO;
				ASSETCATALOG_COMPILER_GENERATE_SWIFT_ASSET_SYMBOL_EXTENSIONS = YES;
				CLANG_ANALYZER_NONNULL = YES;
				CLANG_ANALYZER_NUMBER_OBJECT_CONVERSION = YES_AGGRESSIVE;
				CLANG_CXX_LANGUAGE_STANDARD = "gnu++20";
				CLANG_ENABLE_MODULES = YES;
				CLANG_ENABLE_OBJC_ARC = YES;
				CLANG_ENABLE_OBJC_WEAK = YES;
				CLANG_WARN_BLOCK_CAPTURE_AUTORELEASING = YES;
				CLANG_WARN_BOOL_CONVERSION = YES;
				CLANG_WARN_COMMA = YES;
				CLANG_WARN_CONSTANT_CONVERSION = YES;
				CLANG_WARN_DEPRECATED_OBJC_IMPLEMENTATIONS = YES;
				CLANG_WARN_DIRECT_OBJC_ISA_USAGE = YES_ERROR;
				CLANG_WARN_DOCUMENTATION_COMMENTS = YES;
				CLANG_WARN_EMPTY_BODY = YES;
				CLANG_WARN_ENUM_CONVERSION = YES;
				CLANG_WARN_INFINITE_RECURSION = YES;
				CLANG_WARN_INT_CONVERSION = YES;
				CLANG_WARN_NON_LITERAL_NULL_CONVERSION = YES;
				CLANG_WARN_OBJC_IMPLICIT_RETAIN_SELF = YES;
				CLANG_WARN_OBJC_LITERAL_CONVERSION = YES;
				CLANG_WARN_OBJC_ROOT_CLASS = YES_ERROR;
				CLANG_WARN_QUOTED_INCLUDE_IN_FRAMEWORK_HEADER = YES;
				CLANG_WARN_RANGE_LOOP_ANALYSIS = YES;
				CLANG_WARN_STRICT_PROTOTYPES = YES;
				CLANG_WARN_SUSPICIOUS_MOVE = YES;
				CLANG_WARN_UNGUARDED_AVAILABILITY = YES_AGGRESSIVE;
				CLANG_WARN_UNREACHABLE_CODE = YES;
				CLANG_WARN__DUPLICATE_METHOD_MATCH = YES;
				COPY_PHASE_STRIP = NO;
				DEBUG_INFORMATION_FORMAT = "dwarf-with-dsym";
				DEVELOPMENT_TEAM = AJKFVG2KV2;
				ENABLE_NS_ASSERTIONS = NO;
				ENABLE_STRICT_OBJC_MSGSEND = YES;
				ENABLE_USER_SCRIPT_SANDBOXING = YES;
				GCC_C_LANGUAGE_STANDARD = gnu17;
				GCC_NO_COMMON_BLOCKS = YES;
				GCC_WARN_64_TO_32_BIT_CONVERSION = YES;
				GCC_WARN_ABOUT_RETURN_TYPE = YES_ERROR;
				GCC_WARN_UNDECLARED_SELECTOR = YES;
				GCC_WARN_UNINITIALIZED_AUTOS = YES_AGGRESSIVE;
				GCC_WARN_UNUSED_FUNCTION = YES;
				GCC_WARN_UNUSED_VARIABLE = YES;
				IPHONEOS_DEPLOYMENT_TARGET = 17.0;
				LOCALIZATION_PREFERS_STRING_CATALOGS = YES;
				STRING_CATALOG_GENERATE_SYMBOLS = YES;
				MTL_ENABLE_DEBUG_INFO = NO;
				MTL_FAST_MATH = YES;
				SDKROOT = iphoneos;
				SWIFT_COMPILATION_MODE = wholemodule;
				VALIDATE_PRODUCT = YES;
			};
			name = Release;
		};
		501234567890ABCDEF000032 /* Debug */ = {
			isa = XCBuildConfiguration;
			buildSettings = {
				ASSETCATALOG_COMPILER_APPICON_NAME = AppIcon;
				ASSETCATALOG_COMPILER_GLOBAL_ACCENT_COLOR_NAME = AccentColor;
				CODE_SIGN_STYLE = Automatic;
				CURRENT_PROJECT_VERSION = 9;
				DEVELOPMENT_ASSET_PATHS = "\"ExpenseManager/Preview Content\"";
				ENABLE_PREVIEWS = YES;
				GENERATE_INFOPLIST_FILE = YES;
				INFOPLIST_FILE = ExpenseManager/Info.plist;
				INFOPLIST_KEY_NSPhotoLibraryUsageDescription = "This app needs access to your photo library to delete processed receipt photos after successful expense tracking.";
				INFOPLIST_KEY_UIApplicationSupportsIndirectInputEvents = YES;
				INFOPLIST_KEY_UIRequiredDeviceCapabilities = armv7;
				INFOPLIST_KEY_UISupportedInterfaceOrientations = "UIInterfaceOrientationPortrait UIInterfaceOrientationLandscapeLeft UIInterfaceOrientationLandscapeRight";
				INFOPLIST_KEY_UISupportedInterfaceOrientations_iPad = "UIInterfaceOrientationPortrait UIInterfaceOrientationPortraitUpsideDown UIInterfaceOrientationLandscapeLeft UIInterfaceOrientationLandscapeRight";
				INFOPLIST_KEY_UISupportedInterfaceOrientations_iPhone = UIInterfaceOrientationPortrait;
				LD_RUNPATH_SEARCH_PATHS = (
					"$(inherited)",
					"@executable_path/Frameworks",
				);
				MARKETING_VERSION = 2.2.0;
				PRODUCT_BUNDLE_IDENTIFIER = com.muddi1.receiptradar;
				PRODUCT_NAME = "$(TARGET_NAME)";
				SUPPORTED_PLATFORMS = "iphoneos iphonesimulator";
				SUPPORTS_MACCATALYST = NO;
				SUPPORTS_MAC_DESIGNED_FOR_IPHONE_IPAD = NO;
				SUPPORTS_XR_DESIGNED_FOR_IPHONE_IPAD = NO;
				SWIFT_EMIT_LOC_STRINGS = YES;
				SWIFT_VERSION = 5.0;
				TARGETED_DEVICE_FAMILY = 1;
			};
			name = Debug;
		};
		501234567890ABCDEF000033 /* Release */ = {
			isa = XCBuildConfiguration;
			buildSettings = {
				ASSETCATALOG_COMPILER_APPICON_NAME = AppIcon;
				ASSETCATALOG_COMPILER_GLOBAL_ACCENT_COLOR_NAME = AccentColor;
				CODE_SIGN_STYLE = Automatic;
				CURRENT_PROJECT_VERSION = 9;
				DEVELOPMENT_ASSET_PATHS = "\"ExpenseManager/Preview Content\"";
				ENABLE_PREVIEWS = YES;
				GENERATE_INFOPLIST_FILE = YES;
				INFOPLIST_FILE = ExpenseManager/Info.plist;
				INFOPLIST_KEY_NSPhotoLibraryUsageDescription = "This app needs access to your photo library to delete processed receipt photos after successful expense tracking.";
				INFOPLIST_KEY_UIApplicationSupportsIndirectInputEvents = YES;
				INFOPLIST_KEY_UIRequiredDeviceCapabilities = armv7;
				INFOPLIST_KEY_UISupportedInterfaceOrientations = "UIInterfaceOrientationPortrait UIInterfaceOrientationLandscapeLeft UIInterfaceOrientationLandscapeRight";
				INFOPLIST_KEY_UISupportedInterfaceOrientations_iPad = "UIInterfaceOrientationPortrait UIInterfaceOrientationPortraitUpsideDown UIInterfaceOrientationLandscapeLeft UIInterfaceOrientationLandscapeRight";
				INFOPLIST_KEY_UISupportedInterfaceOrientations_iPhone = UIInterfaceOrientationPortrait;
				LD_RUNPATH_SEARCH_PATHS = (
					"$(inherited)",
					"@executable_path/Frameworks",
				);
				MARKETING_VERSION = 2.2.0;
				PRODUCT_BUNDLE_IDENTIFIER = com.muddi1.receiptradar;
				PRODUCT_NAME = "$(TARGET_NAME)";
				SUPPORTED_PLATFORMS = "iphoneos iphonesimulator";
				SUPPORTS_MACCATALYST = NO;
				SUPPORTS_MAC_DESIGNED_FOR_IPHONE_IPAD = NO;
				SUPPORTS_XR_DESIGNED_FOR_IPHONE_IPAD = NO;
				SWIFT_EMIT_LOC_STRINGS = YES;
				SWIFT_VERSION = 5.0;
				TARGETED_DEVICE_FAMILY = 1;
			};
			name = Release;
		};
/* End XCBuildConfiguration section */

/* Begin XCConfigurationList section */
		501234567890ABCDEF000025 /* Build configuration list for PBXNativeTarget "ExpenseManager" */ = {
			isa = XCConfigurationList;
			buildConfigurations = (
				501234567890ABCDEF000032 /* Debug */,
				501234567890ABCDEF000033 /* Release */,
			);
			defaultConfigurationIsVisible = 0;
			defaultConfigurationName = Release;
		};
		501234567890ABCDEF000029 /* Build configuration list for PBXProject "ExpenseManager" */ = {
			isa = XCConfigurationList;
			buildConfigurations = (
				501234567890ABCDEF000030 /* Debug */,
				501234567890ABCDEF000031 /* Release */,
			);
			defaultConfigurationIsVisible = 0;
			defaultConfigurationName = Release;
		};
/* End XCConfigurationList section */
	};
	rootObject = 501234567890ABCDEF000028 /* Project object */;
}
